{
    "_meta": {
        "hash": {
            "sha256": "b9c11256200dc3c524bb831befe35eada4fb618543a5b6bab153a11cce31a2b3"
        },
        "pipfile-spec": 6,
        "requires": {
            "python_version": "3.11"
        },
        "sources": [
            {
                "name": "pypi",
                "url": "https://pypi.org/simple",
                "verify_ssl": true
            }
        ]
    },
    "default": {
        "markdown-it-py": {
            "hashes": [
                "sha256:04a21681d6fbb623de53f6f364d352309d4094dd4194040a10fd51833e418d49",
                "sha256:9f7ebbcd14fe59494226453aed97c1070d83f8d24b6fc3a3bcf9a38092641c4a"
            ],
            "markers": "python_version >= '3.10'",
            "version": "==4.2.0"
        },
        "mdurl": {
            "hashes": [
                "sha256:84008a41e51615a49fc9966191ff91509e3c40b939176e643fd50a5c2196b8f8",
                "sha256:bb413d29f5eea38f31dd4754dd7377d4465116fb207585f97bf925588687c1ba"
            ],
            "markers": "python_version >= '3.7'",
            "version": "==0.1.2"
        },
        "prompt-toolkit": {
            "hashes": [
                "sha256:28cde192929c8e7321de85de1ddbe736f1375148b02f2e17edd840042b1be855",
                "sha256:9aac639a3bbd33284347de5ad8d68ecc044b91a762dc39b7c21095fcd6a19955"
            ],
            "markers": "python_version >= '3.8'",
            "version": "==3.0.52"
        },
        "pygments": {
            "hashes": [
                "sha256:6757cd03768053ff99f3039c1a36d6c0aa0b263438fcab17520b30a303a82b5f",
                "sha256:81a9e26dd42fd28a23a2d169d86d7ac03b46e2f8b59ed4698fb4785f946d0176"
            ],
            "markers": "python_version >= '3.9'",
            "version": "==2.20.0"
        },
        "questionary": {
            "hashes": [
                "sha256:3d7e980292bb0107abaa79c68dd3eee3c561b83a0f89ae482860b181c8bd412d",
                "sha256:a51af13f345f1cdea62347589fbb6df3b290306ab8930713bfae4d475a7d4a59"
            ],
            "index": "pypi",
            "markers": "python_version >= '3.9'",
            "version": "==2.1.1"
        },
        "rich": {
            "hashes": [
                "sha256:33bd4ef74232fb73fe9279a257718407f169c09b78a87ad3d296f548e27de0bb",
                "sha256:edd07a4824c6b40189fb7ac9bc4c52536e9780fbbfbddf6f1e2502c31b068c36"
            ],
            "index": "pypi",
            "markers": "python_full_version >= '3.9.0'",
            "version": "==15.0.0"
        },
        "tabulate": {
            "hashes": [
                "sha256:e2cfde8f79420f6deeffdeda9aaec3b6bc5abce947655d17ac662b126e48a60d",
                "sha256:f0b0622e567335c8fabaaa659f1b33bcb6ddfe2e496071b743aa113f8774f2d3"
            ],
            "index": "pypi",
            "markers": "python_version >= '3.10'",
            "version": "==0.10.0"
        },
        "wcwidth": {
            "hashes": [
                "sha256:f453740b1e4a4f3291faa37944c555d71056c4da08d59809b307ef4feba695c8",
                "sha256:faf5b4a5366a72dc49cad48cdf21f52bdf63bdda995178e483ba247ff79089b9"
            ],
            "markers": "python_version >= '3.8'",
            "version": "==0.8.1"
        }
    },
    "develop": {}
}
